
Microsoft Visual Studio Solution File, Format Version 12.00
# Visual Studio Version 17
VisualStudioVersion = 17.13.35825.156 d17.13
MinimumVisualStudioVersion = 10.0.40219.1
Project("{FAE04EC0-301F-11D3-BF4B-00C04F79EFBC}") = "WebAppComponents", "WebAppComponents.csproj", "{241498A2-DF3A-FA51-24BD-D6CC9291A878}"
EndProject
Global
	GlobalSection(SolutionConfigurationPlatforms) = preSolution
		Debug|Any CPU = Debug|Any CPU
		Release|Any CPU = Release|Any CPU
	EndGlobalSection
	GlobalSection(ProjectConfigurationPlatforms) = postSolution
		{241498A2-DF3A-FA51-24BD-D6CC9291A878}.Debug|Any CPU.ActiveCfg = Debug|Any CPU
		{241498A2-DF3A-FA51-24BD-D6CC9291A878}.Debug|Any CPU.Build.0 = Debug|Any CPU
		{241498A2-DF3A-FA51-24BD-D6CC9291A878}.Release|Any CPU.ActiveCfg = Release|Any CPU
		{241498A2-DF3A-FA51-24BD-D6CC9291A878}.Release|Any CPU.Build.0 = Release|Any CPU
	EndGlobalSection
	GlobalSection(SolutionProperties) = preSolution
		HideSolutionNode = FALSE
	EndGlobalSection
	GlobalSection(ExtensibilityGlobals) = postSolution
		SolutionGuid = {6F72689C-69A3-43E8-85CB-4D5853C6CCDC}
	EndGlobalSection
EndGlobal
